
Microsoft Visual Studio Solution File, Format Version 12.00
# Visual Studio Version 16
VisualStudioVersion = 16.0.31702.278
MinimumVisualStudioVersion = 10.0.40219.1
Project("{9A19103F-16F7-4668-BE54-9A1E7A4F7556}") = "Lesson1", "AlgorithmsLearning\Lesson1.csproj", "{2F45D6AF-7B63-4E9E-A858-51D066057F1F}"
EndProject
Project("{9A19103F-16F7-4668-BE54-9A1E7A4F7556}") = "Lesson2", "Lesson2\Lesson2.csproj", "{677846BE-3AA2-41CA-9339-286108F82648}"
EndProject
Project("{9A19103F-16F7-4668-BE54-9A1E7A4F7556}") = "Lesson2(binary search)", "Lesson2(binary search)\Lesson2(binary search).csproj", "{50E6DE63-D45D-4FC3-BC77-7EED2D0FC33D}"
EndProject
Project("{9A19103F-16F7-4668-BE54-9A1E7A4F7556}") = "Lesson3", "Lesson3\Lesson3.csproj", "{CDD3118A-6720-4127-9B1D-116A0D277C2B}"
EndProject
Project("{9A19103F-16F7-4668-BE54-9A1E7A4F7556}") = "Lesson3(Benchmark)", "Lesson3(Benchmark)\Lesson3(Benchmark).csproj", "{9AEC8C65-FAB4-41E3-B276-AE74058A6979}"
EndProject
Project("{9A19103F-16F7-4668-BE54-9A1E7A4F7556}") = "Lesson4", "Lesson4\Lesson4.csproj", "{53A9550B-357D-4FA1-8228-747049A57564}"
EndProject
Project("{9A19103F-16F7-4668-BE54-9A1E7A4F7556}") = "Lesson4(tree)", "Lesson4(tree)\Lesson4(tree).csproj", "{CBF94DD2-5305-41CC-AC13-282FD3E2C904}"
EndProject
Project("{FAE04EC0-301F-11D3-BF4B-00C04F79EFBC}") = "Lesson6", "Lesson6\Lesson6.csproj", "{5F3303A6-E118-486A-9FC5-2DDFE4EE4280}"
EndProject
Global
	GlobalSection(SolutionConfigurationPlatforms) = preSolution
		Debug|Any CPU = Debug|Any CPU
		Release|Any CPU = Release|Any CPU
	EndGlobalSection
	GlobalSection(ProjectConfigurationPlatforms) = postSolution
		{2F45D6AF-7B63-4E9E-A858-51D066057F1F}.Debug|Any CPU.ActiveCfg = Debug|Any CPU
		{2F45D6AF-7B63-4E9E-A858-51D066057F1F}.Debug|Any CPU.Build.0 = Debug|Any CPU
		{2F45D6AF-7B63-4E9E-A858-51D066057F1F}.Release|Any CPU.ActiveCfg = Release|Any CPU
		{2F45D6AF-7B63-4E9E-A858-51D066057F1F}.Release|Any CPU.Build.0 = Release|Any CPU
		{677846BE-3AA2-41CA-9339-286108F82648}.Debug|Any CPU.ActiveCfg = Debug|Any CPU
		{677846BE-3AA2-41CA-9339-286108F82648}.Debug|Any CPU.Build.0 = Debug|Any CPU
		{677846BE-3AA2-41CA-9339-286108F82648}.Release|Any CPU.ActiveCfg = Release|Any CPU
		{677846BE-3AA2-41CA-9339-286108F82648}.Release|Any CPU.Build.0 = Release|Any CPU
		{50E6DE63-D45D-4FC3-BC77-7EED2D0FC33D}.Debug|Any CPU.ActiveCfg = Debug|Any CPU
		{50E6DE63-D45D-4FC3-BC77-7EED2D0FC33D}.Debug|Any CPU.Build.0 = Debug|Any CPU
		{50E6DE63-D45D-4FC3-BC77-7EED2D0FC33D}.Release|Any CPU.ActiveCfg = Release|Any CPU
		{50E6DE63-D45D-4FC3-BC77-7EED2D0FC33D}.Release|Any CPU.Build.0 = Release|Any CPU
		{CDD3118A-6720-4127-9B1D-116A0D277C2B}.Debug|Any CPU.ActiveCfg = Debug|Any CPU
		{CDD3118A-6720-4127-9B1D-116A0D277C2B}.Debug|Any CPU.Build.0 = Debug|Any CPU
		{CDD3118A-6720-4127-9B1D-116A0D277C2B}.Release|Any CPU.ActiveCfg = Release|Any CPU
		{CDD3118A-6720-4127-9B1D-116A0D277C2B}.Release|Any CPU.Build.0 = Release|Any CPU
		{9AEC8C65-FAB4-41E3-B276-AE74058A6979}.Debug|Any CPU.ActiveCfg = Debug|Any CPU
		{9AEC8C65-FAB4-41E3-B276-AE74058A6979}.Debug|Any CPU.Build.0 = Debug|Any CPU
		{9AEC8C65-FAB4-41E3-B276-AE74058A6979}.Release|Any CPU.ActiveCfg = Release|Any CPU
		{9AEC8C65-FAB4-41E3-B276-AE74058A6979}.Release|Any CPU.Build.0 = Release|Any CPU
		{53A9550B-357D-4FA1-8228-747049A57564}.Debug|Any CPU.ActiveCfg = Debug|Any CPU
		{53A9550B-357D-4FA1-8228-747049A57564}.Debug|Any CPU.Build.0 = Debug|Any CPU
		{53A9550B-357D-4FA1-8228-747049A57564}.Release|Any CPU.ActiveCfg = Release|Any CPU
		{53A9550B-357D-4FA1-8228-747049A57564}.Release|Any CPU.Build.0 = Release|Any CPU
		{CBF94DD2-5305-41CC-AC13-282FD3E2C904}.Debug|Any CPU.ActiveCfg = Debug|Any CPU
		{CBF94DD2-5305-41CC-AC13-282FD3E2C904}.Debug|Any CPU.Build.0 = Debug|Any CPU
		{CBF94DD2-5305-41CC-AC13-282FD3E2C904}.Release|Any CPU.ActiveCfg = Release|Any CPU
		{CBF94DD2-5305-41CC-AC13-282FD3E2C904}.Release|Any CPU.Build.0 = Release|Any CPU
		{5F3303A6-E118-486A-9FC5-2DDFE4EE4280}.Debug|Any CPU.ActiveCfg = Debug|Any CPU
		{5F3303A6-E118-486A-9FC5-2DDFE4EE4280}.Debug|Any CPU.Build.0 = Debug|Any CPU
		{5F3303A6-E118-486A-9FC5-2DDFE4EE4280}.Release|Any CPU.ActiveCfg = Release|Any CPU
		{5F3303A6-E118-486A-9FC5-2DDFE4EE4280}.Release|Any CPU.Build.0 = Release|Any CPU
	EndGlobalSection
	GlobalSection(SolutionProperties) = preSolution
		HideSolutionNode = FALSE
	EndGlobalSection
	GlobalSection(ExtensibilityGlobals) = postSolution
		SolutionGuid = {CEA29C76-26B4-4F45-9C0A-CAF1AAB607CD}
	EndGlobalSection
EndGlobal
